
Microsoft Visual Studio Solution File, Format Version 12.00
# Visual Studio 15
VisualStudioVersion = 15.0.28307.902
MinimumVisualStudioVersion = 10.0.40219.1
Project("{FAE04EC0-301F-11D3-BF4B-00C04F79EFBC}") = "TaskManager.Android", "TaskManager\TaskManager.Android\TaskManager.Android.csproj", "{24FDC7ED-82F0-447D-8FA4-7EBA5C2F6031}"
EndProject
Project("{FAE04EC0-301F-11D3-BF4B-00C04F79EFBC}") = "TaskManager", "TaskManager\TaskManager\TaskManager.csproj", "{8530B809-728F-4719-94A9-34A27DAC9DFC}"
EndProject
Project("{FAE04EC0-301F-11D3-BF4B-00C04F79EFBC}") = "TaskManager.EntityFramework", "TaskManager.EntityFramework\TaskManager.EntityFramework.csproj", "{6CE09A8F-8ACE-4389-AA68-DFDA68011237}"
EndProject
Global
	GlobalSection(SolutionConfigurationPlatforms) = preSolution
		Ad-Hoc|Any CPU = Ad-Hoc|Any CPU
		Ad-Hoc|iPhone = Ad-Hoc|iPhone
		Ad-Hoc|iPhoneSimulator = Ad-Hoc|iPhoneSimulator
		AppStore|Any CPU = AppStore|Any CPU
		AppStore|iPhone = AppStore|iPhone
		AppStore|iPhoneSimulator = AppStore|iPhoneSimulator
		Debug|Any CPU = Debug|Any CPU
		Debug|iPhone = Debug|iPhone
		Debug|iPhoneSimulator = Debug|iPhoneSimulator
		Release|Any CPU = Release|Any CPU
		Release|iPhone = Release|iPhone
		Release|iPhoneSimulator = Release|iPhoneSimulator
	EndGlobalSection
	GlobalSection(ProjectConfigurationPlatforms) = postSolution
		{24FDC7ED-82F0-447D-8FA4-7EBA5C2F6031}.Ad-Hoc|Any CPU.ActiveCfg = Release|Any CPU
		{24FDC7ED-82F0-447D-8FA4-7EBA5C2F6031}.Ad-Hoc|Any CPU.Build.0 = Release|Any CPU
		{24FDC7ED-82F0-447D-8FA4-7EBA5C2F6031}.Ad-Hoc|Any CPU.Deploy.0 = Release|Any CPU
		{24FDC7ED-82F0-447D-8FA4-7EBA5C2F6031}.Ad-Hoc|iPhone.ActiveCfg = Release|Any CPU
		{24FDC7ED-82F0-447D-8FA4-7EBA5C2F6031}.Ad-Hoc|iPhone.Build.0 = Release|Any CPU
		{24FDC7ED-82F0-447D-8FA4-7EBA5C2F6031}.Ad-Hoc|iPhone.Deploy.0 = Release|Any CPU
		{24FDC7ED-82F0-447D-8FA4-7EBA5C2F6031}.Ad-Hoc|iPhoneSimulator.ActiveCfg = Release|Any CPU
		{24FDC7ED-82F0-447D-8FA4-7EBA5C2F6031}.Ad-Hoc|iPhoneSimulator.Build.0 = Release|Any CPU
		{24FDC7ED-82F0-447D-8FA4-7EBA5C2F6031}.Ad-Hoc|iPhoneSimulator.Deploy.0 = Release|Any CPU
		{24FDC7ED-82F0-447D-8FA4-7EBA5C2F6031}.AppStore|Any CPU.ActiveCfg = Release|Any CPU
		{24FDC7ED-82F0-447D-8FA4-7EBA5C2F6031}.AppStore|Any CPU.Build.0 = Release|Any CPU
		{24FDC7ED-82F0-447D-8FA4-7EBA5C2F6031}.AppStore|Any CPU.Deploy.0 = Release|Any CPU
		{24FDC7ED-82F0-447D-8FA4-7EBA5C2F6031}.AppStore|iPhone.ActiveCfg = Release|Any CPU
		{24FDC7ED-82F0-447D-8FA4-7EBA5C2F6031}.AppStore|iPhone.Build.0 = Release|Any CPU
		{24FDC7ED-82F0-447D-8FA4-7EBA5C2F6031}.AppStore|iPhone.Deploy.0 = Release|Any CPU
		{24FDC7ED-82F0-447D-8FA4-7EBA5C2F6031}.AppStore|iPhoneSimulator.ActiveCfg = Release|Any CPU
		{24FDC7ED-82F0-447D-8FA4-7EBA5C2F6031}.AppStore|iPhoneSimulator.Build.0 = Release|Any CPU
		{24FDC7ED-82F0-447D-8FA4-7EBA5C2F6031}.AppStore|iPhoneSimulator.Deploy.0 = Release|Any CPU
		{24FDC7ED-82F0-447D-8FA4-7EBA5C2F6031}.Debug|Any CPU.ActiveCfg = Debug|Any CPU
		{24FDC7ED-82F0-447D-8FA4-7EBA5C2F6031}.Debug|Any CPU.Build.0 = Debug|Any CPU
		{24FDC7ED-82F0-447D-8FA4-7EBA5C2F6031}.Debug|Any CPU.Deploy.0 = Debug|Any CPU
		{24FDC7ED-82F0-447D-8FA4-7EBA5C2F6031}.Debug|iPhone.ActiveCfg = Debug|Any CPU
		{24FDC7ED-82F0-447D-8FA4-7EBA5C2F6031}.Debug|iPhone.Build.0 = Debug|Any CPU
		{24FDC7ED-82F0-447D-8FA4-7EBA5C2F6031}.Debug|iPhone.Deploy.0 = Debug|Any CPU
		{24FDC7ED-82F0-447D-8FA4-7EBA5C2F6031}.Debug|iPhoneSimulator.ActiveCfg = Debug|Any CPU
		{24FDC7ED-82F0-447D-8FA4-7EBA5C2F6031}.Debug|iPhoneSimulator.Build.0 = Debug|Any CPU
		{24FDC7ED-82F0-447D-8FA4-7EBA5C2F6031}.Debug|iPhoneSimulator.Deploy.0 = Debug|Any CPU
		{24FDC7ED-82F0-447D-8FA4-7EBA5C2F6031}.Release|Any CPU.ActiveCfg = Release|Any CPU
		{24FDC7ED-82F0-447D-8FA4-7EBA5C2F6031}.Release|Any CPU.Build.0 = Release|Any CPU
		{24FDC7ED-82F0-447D-8FA4-7EBA5C2F6031}.Release|Any CPU.Deploy.0 = Release|Any CPU
		{24FDC7ED-82F0-447D-8FA4-7EBA5C2F6031}.Release|iPhone.ActiveCfg = Release|Any CPU
		{24FDC7ED-82F0-447D-8FA4-7EBA5C2F6031}.Release|iPhone.Build.0 = Release|Any CPU
		{24FDC7ED-82F0-447D-8FA4-7EBA5C2F6031}.Release|iPhone.Deploy.0 = Release|Any CPU
		{24FDC7ED-82F0-447D-8FA4-7EBA5C2F6031}.Release|iPhoneSimulator.ActiveCfg = Release|Any CPU
		{24FDC7ED-82F0-447D-8FA4-7EBA5C2F6031}.Release|iPhoneSimulator.Build.0 = Release|Any CPU
		{24FDC7ED-82F0-447D-8FA4-7EBA5C2F6031}.Release|iPhoneSimulator.Deploy.0 = Release|Any CPU
		{8530B809-728F-4719-94A9-34A27DAC9DFC}.Ad-Hoc|Any CPU.ActiveCfg = Debug|Any CPU
		{8530B809-728F-4719-94A9-34A27DAC9DFC}.Ad-Hoc|Any CPU.Build.0 = Debug|Any CPU
		{8530B809-728F-4719-94A9-34A27DAC9DFC}.Ad-Hoc|iPhone.ActiveCfg = Debug|Any CPU
		{8530B809-728F-4719-94A9-34A27DAC9DFC}.Ad-Hoc|iPhone.Build.0 = Debug|Any CPU
		{8530B809-728F-4719-94A9-34A27DAC9DFC}.Ad-Hoc|iPhoneSimulator.ActiveCfg = Debug|Any CPU
		{8530B809-728F-4719-94A9-34A27DAC9DFC}.Ad-Hoc|iPhoneSimulator.Build.0 = Debug|Any CPU
		{8530B809-728F-4719-94A9-34A27DAC9DFC}.AppStore|Any CPU.ActiveCfg = Debug|Any CPU
		{8530B809-728F-4719-94A9-34A27DAC9DFC}.AppStore|Any CPU.Build.0 = Debug|Any CPU
		{8530B809-728F-4719-94A9-34A27DAC9DFC}.AppStore|iPhone.ActiveCfg = Debug|Any CPU
		{8530B809-728F-4719-94A9-34A27DAC9DFC}.AppStore|iPhone.Build.0 = Debug|Any CPU
		{8530B809-728F-4719-94A9-34A27DAC9DFC}.AppStore|iPhoneSimulator.ActiveCfg = Debug|Any CPU
		{8530B809-728F-4719-94A9-34A27DAC9DFC}.AppStore|iPhoneSimulator.Build.0 = Debug|Any CPU
		{8530B809-728F-4719-94A9-34A27DAC9DFC}.Debug|Any CPU.ActiveCfg = Debug|Any CPU
		{8530B809-728F-4719-94A9-34A27DAC9DFC}.Debug|Any CPU.Build.0 = Debug|Any CPU
		{8530B809-728F-4719-94A9-34A27DAC9DFC}.Debug|iPhone.ActiveCfg = Debug|Any CPU
		{8530B809-728F-4719-94A9-34A27DAC9DFC}.Debug|iPhone.Build.0 = Debug|Any CPU
		{8530B809-728F-4719-94A9-34A27DAC9DFC}.Debug|iPhoneSimulator.ActiveCfg = Debug|Any CPU
		{8530B809-728F-4719-94A9-34A27DAC9DFC}.Debug|iPhoneSimulator.Build.0 = Debug|Any CPU
		{8530B809-728F-4719-94A9-34A27DAC9DFC}.Release|Any CPU.ActiveCfg = Release|Any CPU
		{8530B809-728F-4719-94A9-34A27DAC9DFC}.Release|Any CPU.Build.0 = Release|Any CPU
		{8530B809-728F-4719-94A9-34A27DAC9DFC}.Release|iPhone.ActiveCfg = Release|Any CPU
		{8530B809-728F-4719-94A9-34A27DAC9DFC}.Release|iPhone.Build.0 = Release|Any CPU
		{8530B809-728F-4719-94A9-34A27DAC9DFC}.Release|iPhoneSimulator.ActiveCfg = Release|Any CPU
		{8530B809-728F-4719-94A9-34A27DAC9DFC}.Release|iPhoneSimulator.Build.0 = Release|Any CPU
		{6CE09A8F-8ACE-4389-AA68-DFDA68011237}.Ad-Hoc|Any CPU.ActiveCfg = Debug|Any CPU
		{6CE09A8F-8ACE-4389-AA68-DFDA68011237}.Ad-Hoc|Any CPU.Build.0 = Debug|Any CPU
		{6CE09A8F-8ACE-4389-AA68-DFDA68011237}.Ad-Hoc|iPhone.ActiveCfg = Debug|Any CPU
		{6CE09A8F-8ACE-4389-AA68-DFDA68011237}.Ad-Hoc|iPhone.Build.0 = Debug|Any CPU
		{6CE09A8F-8ACE-4389-AA68-DFDA68011237}.Ad-Hoc|iPhoneSimulator.ActiveCfg = Debug|Any CPU
		{6CE09A8F-8ACE-4389-AA68-DFDA68011237}.Ad-Hoc|iPhoneSimulator.Build.0 = Debug|Any CPU
		{6CE09A8F-8ACE-4389-AA68-DFDA68011237}.AppStore|Any CPU.ActiveCfg = Debug|Any CPU
		{6CE09A8F-8ACE-4389-AA68-DFDA68011237}.AppStore|Any CPU.Build.0 = Debug|Any CPU
		{6CE09A8F-8ACE-4389-AA68-DFDA68011237}.AppStore|iPhone.ActiveCfg = Debug|Any CPU
		{6CE09A8F-8ACE-4389-AA68-DFDA68011237}.AppStore|iPhone.Build.0 = Debug|Any CPU
		{6CE09A8F-8ACE-4389-AA68-DFDA68011237}.AppStore|iPhoneSimulator.ActiveCfg = Debug|Any CPU
		{6CE09A8F-8ACE-4389-AA68-DFDA68011237}.AppStore|iPhoneSimulator.Build.0 = Debug|Any CPU
		{6CE09A8F-8ACE-4389-AA68-DFDA68011237}.Debug|Any CPU.ActiveCfg = Debug|Any CPU
		{6CE09A8F-8ACE-4389-AA68-DFDA68011237}.Debug|Any CPU.Build.0 = Debug|Any CPU
		{6CE09A8F-8ACE-4389-AA68-DFDA68011237}.Debug|iPhone.ActiveCfg = Debug|Any CPU
		{6CE09A8F-8ACE-4389-AA68-DFDA68011237}.Debug|iPhone.Build.0 = Debug|Any CPU
		{6CE09A8F-8ACE-4389-AA68-DFDA68011237}.Debug|iPhoneSimulator.ActiveCfg = Debug|Any CPU
		{6CE09A8F-8ACE-4389-AA68-DFDA68011237}.Debug|iPhoneSimulator.Build.0 = Debug|Any CPU
		{6CE09A8F-8ACE-4389-AA68-DFDA68011237}.Release|Any CPU.ActiveCfg = Release|Any CPU
		{6CE09A8F-8ACE-4389-AA68-DFDA68011237}.Release|Any CPU.Build.0 = Release|Any CPU
		{6CE09A8F-8ACE-4389-AA68-DFDA68011237}.Release|iPhone.ActiveCfg = Release|Any CPU
		{6CE09A8F-8ACE-4389-AA68-DFDA68011237}.Release|iPhone.Build.0 = Release|Any CPU
		{6CE09A8F-8ACE-4389-AA68-DFDA68011237}.Release|iPhoneSimulator.ActiveCfg = Release|Any CPU
		{6CE09A8F-8ACE-4389-AA68-DFDA68011237}.Release|iPhoneSimulator.Build.0 = Release|Any CPU
	EndGlobalSection
	GlobalSection(SolutionProperties) = preSolution
		HideSolutionNode = FALSE
	EndGlobalSection
	GlobalSection(ExtensibilityGlobals) = postSolution
		SolutionGuid = {904384A1-B6BF-4452-A7B2-F36857521133}
	EndGlobalSection
EndGlobal
